
Microsoft Visual Studio Solution File, Format Version 12.00
# Visual Studio 15
VisualStudioVersion = 15.0.28010.2003
MinimumVisualStudioVersion = 10.0.40219.1
Project("{FAE04EC0-301F-11D3-BF4B-00C04F79EFBC}") = "DatabaseProgramming-MockDatabase+CourseList", "DatabaseProgramming-MockDatabase+CourseList\DatabaseProgramming-MockDatabase+CourseList.csproj", "{C649B64B-C6E6-4046-A5C6-AB513D8505C1}"
EndProject
Project("{FAE04EC0-301F-11D3-BF4B-00C04F79EFBC}") = "DatabaseProgramming - Advanced list + mock database", "DatabaseProgramming - Advanced list + mock database\DatabaseProgramming - Advanced list + mock database.csproj", "{5CFC9FC4-0213-412E-8DC6-A22D5E8C607F}"
EndProject
Global
	GlobalSection(SolutionConfigurationPlatforms) = preSolution
		Debug|Any CPU = Debug|Any CPU
		Release|Any CPU = Release|Any CPU
	EndGlobalSection
	GlobalSection(ProjectConfigurationPlatforms) = postSolution
		{C649B64B-C6E6-4046-A5C6-AB513D8505C1}.Debug|Any CPU.ActiveCfg = Debug|Any CPU
		{C649B64B-C6E6-4046-A5C6-AB513D8505C1}.Debug|Any CPU.Build.0 = Debug|Any CPU
		{C649B64B-C6E6-4046-A5C6-AB513D8505C1}.Release|Any CPU.ActiveCfg = Release|Any CPU
		{C649B64B-C6E6-4046-A5C6-AB513D8505C1}.Release|Any CPU.Build.0 = Release|Any CPU
		{5CFC9FC4-0213-412E-8DC6-A22D5E8C607F}.Debug|Any CPU.ActiveCfg = Debug|Any CPU
		{5CFC9FC4-0213-412E-8DC6-A22D5E8C607F}.Debug|Any CPU.Build.0 = Debug|Any CPU
		{5CFC9FC4-0213-412E-8DC6-A22D5E8C607F}.Release|Any CPU.ActiveCfg = Release|Any CPU
		{5CFC9FC4-0213-412E-8DC6-A22D5E8C607F}.Release|Any CPU.Build.0 = Release|Any CPU
	EndGlobalSection
	GlobalSection(SolutionProperties) = preSolution
		HideSolutionNode = FALSE
	EndGlobalSection
	GlobalSection(ExtensibilityGlobals) = postSolution
		SolutionGuid = {EBB5B1E6-F7DF-4711-B73B-40FDDF61BA2C}
	EndGlobalSection
EndGlobal
